{
	"name": "static",
	"version": "1.0.0",
	"lockfileVersion": 2,
	"requires": true,
	"packages": {
		"": {
			"name": "static",
			"version": "1.0.0",
			"license": "ISC",
			"dependencies": {
				"@fortawesome/fontawesome-free": "^5.12.0",
				"angular": "^1.8.3",
				"angular-translate": "^2.18.2",
				"angular-translate-loader-url": "^2.18.2",
				"angular-ui-bootstrap": "^2.5.6",
				"angular-ui-router": "^1.0.24",
				"bootstrap": "^3.4.1",
				"jquery": "^3.6.0",
				"popper.js": "^1.14.3"
			}
		},
		"node_modules/@fortawesome/fontawesome-free": {
			"version": "5.12.0",
			"resolved": "https://registry.npmjs.org/@fortawesome/fontawesome-free/-/fontawesome-free-5.12.0.tgz",
			"integrity": "sha512-vKDJUuE2GAdBERaQWmmtsciAMzjwNrROXA5KTGSZvayAsmuTGjam5z6QNqNPCwDfVljLWuov1nEC3mEQf/n6fQ==",
			"engines": {
				"node": ">=6"
			}
		},
		"node_modules/@uirouter/core": {
			"version": "6.0.8",
			"resolved": "https://registry.npmjs.org/@uirouter/core/-/core-6.0.8.tgz",
			"integrity": "sha512-Gc/BAW47i4L54p8dqYCJJZuv2s3tqlXQ0fvl6Zp2xrblELPVfxmjnc0eurx3XwfQdaqm3T6uls6tQKkof/4QMw==",
			"engines": {
				"node": ">=4.0.0"
			}
		},
		"node_modules/angular": {
			"version": "1.8.3",
			"resolved": "https://registry.npmjs.org/angular/-/angular-1.8.3.tgz",
			"integrity": "sha512-5qjkWIQQVsHj4Sb5TcEs4WZWpFeVFHXwxEBHUhrny41D8UrBAd6T/6nPPAsLngJCReIOqi95W3mxdveveutpZw==",
			"deprecated": "For the actively supported Angular, see https://www.npmjs.com/package/@angular/core. AngularJS support has officially ended. For extended AngularJS support options, see https://goo.gle/angularjs-path-forward."
		},
		"node_modules/angular-translate": {
			"version": "2.19.0",
			"resolved": "https://registry.npmjs.org/angular-translate/-/angular-translate-2.19.0.tgz",
			"integrity": "sha512-Z/Fip5uUT2N85dPQ0sMEe1JdF5AehcDe4tg/9mWXNDVU531emHCg53ZND9Oe0dyNiGX5rWcJKmsL1Fujus1vGQ==",
			"dependencies": {
				"angular": "^1.8.0"
			},
			"engines": {
				"node": "*"
			}
		},
		"node_modules/angular-translate-loader-url": {
			"version": "2.19.0",
			"resolved": "https://registry.npmjs.org/angular-translate-loader-url/-/angular-translate-loader-url-2.19.0.tgz",
			"integrity": "sha512-PptW0ExcwWKroEnXjIYg8fvvfnhM1buhVep1vOIowLqQV+HyRyonxGauEbCuOsMqPJARGM24WJtPnk4X2blhSg==",
			"dependencies": {
				"angular-translate": "~2.19.0"
			}
		},
		"node_modules/angular-ui-bootstrap": {
			"version": "2.5.6",
			"resolved": "https://registry.npmjs.org/angular-ui-bootstrap/-/angular-ui-bootstrap-2.5.6.tgz",
			"integrity": "sha1-I5NzIuxkGm++4WSYzDJFKqGZ58U="
		},
		"node_modules/angular-ui-router": {
			"version": "1.0.30",
			"resolved": "https://registry.npmjs.org/angular-ui-router/-/angular-ui-router-1.0.30.tgz",
			"integrity": "sha512-8xMpxbOtCJbRnGR1fhbyZ5BhFXr3zs1L2ytXQiBACTJjot309QNFFCaWx0lDM2eVXp8qte4idigU9gwWdspmtQ==",
			"dependencies": {
				"@uirouter/core": "6.0.8"
			},
			"engines": {
				"node": ">=4.0.0"
			},
			"peerDependencies": {
				"angular": ">=1.2.0"
			}
		},
		"node_modules/bootstrap": {
			"version": "3.4.1",
			"resolved": "https://registry.npmjs.org/bootstrap/-/bootstrap-3.4.1.tgz",
			"integrity": "sha1-w6NH1Bniia0R9AM+PEEyuHwIHXI=",
			"engines": {
				"node": ">=6"
			}
		},
		"node_modules/jquery": {
			"version": "3.6.0",
			"resolved": "https://registry.npmjs.org/jquery/-/jquery-3.6.0.tgz",
			"integrity": "sha512-JVzAR/AjBvVt2BmYhxRCSYysDsPcssdmTFnzyLEts9qNwmjmu4JTAMYubEfwVOSwpQ1I1sKKFcxhZCI2buerfw=="
		},
		"node_modules/popper.js": {
			"version": "1.14.3",
			"resolved": "https://registry.npmjs.org/popper.js/-/popper.js-1.14.3.tgz",
			"integrity": "sha1-FDj5jQRqz3tNeM1QK/QYrGTU8JU=",
			"deprecated": "You can find the new Popper v2 at @popperjs/core, this package is dedicated to the legacy v1"
		}
	},
	"dependencies": {
		"@fortawesome/fontawesome-free": {
			"version": "5.12.0",
			"resolved": "https://registry.npmjs.org/@fortawesome/fontawesome-free/-/fontawesome-free-5.12.0.tgz",
			"integrity": "sha512-vKDJUuE2GAdBERaQWmmtsciAMzjwNrROXA5KTGSZvayAsmuTGjam5z6QNqNPCwDfVljLWuov1nEC3mEQf/n6fQ=="
		},
		"@uirouter/core": {
			"version": "6.0.8",
			"resolved": "https://registry.npmjs.org/@uirouter/core/-/core-6.0.8.tgz",
			"integrity": "sha512-Gc/BAW47i4L54p8dqYCJJZuv2s3tqlXQ0fvl6Zp2xrblELPVfxmjnc0eurx3XwfQdaqm3T6uls6tQKkof/4QMw=="
		},
		"angular": {
			"version": "1.8.3",
			"resolved": "https://registry.npmjs.org/angular/-/angular-1.8.3.tgz",
			"integrity": "sha512-5qjkWIQQVsHj4Sb5TcEs4WZWpFeVFHXwxEBHUhrny41D8UrBAd6T/6nPPAsLngJCReIOqi95W3mxdveveutpZw=="
		},
		"angular-translate": {
			"version": "2.19.0",
			"resolved": "https://registry.npmjs.org/angular-translate/-/angular-translate-2.19.0.tgz",
			"integrity": "sha512-Z/Fip5uUT2N85dPQ0sMEe1JdF5AehcDe4tg/9mWXNDVU531emHCg53ZND9Oe0dyNiGX5rWcJKmsL1Fujus1vGQ==",
			"requires": {
				"angular": "^1.8.0"
			}
		},
		"angular-translate-loader-url": {
			"version": "2.19.0",
			"resolved": "https://registry.npmjs.org/angular-translate-loader-url/-/angular-translate-loader-url-2.19.0.tgz",
			"integrity": "sha512-PptW0ExcwWKroEnXjIYg8fvvfnhM1buhVep1vOIowLqQV+HyRyonxGauEbCuOsMqPJARGM24WJtPnk4X2blhSg==",
			"requires": {
				"angular-translate": "~2.19.0"
			}
		},
		"angular-ui-bootstrap": {
			"version": "2.5.6",
			"resolved": "https://registry.npmjs.org/angular-ui-bootstrap/-/angular-ui-bootstrap-2.5.6.tgz",
			"integrity": "sha1-I5NzIuxkGm++4WSYzDJFKqGZ58U="
		},
		"angular-ui-router": {
			"version": "1.0.30",
			"resolved": "https://registry.npmjs.org/angular-ui-router/-/angular-ui-router-1.0.30.tgz",
			"integrity": "sha512-8xMpxbOtCJbRnGR1fhbyZ5BhFXr3zs1L2ytXQiBACTJjot309QNFFCaWx0lDM2eVXp8qte4idigU9gwWdspmtQ==",
			"requires": {
				"@uirouter/core": "6.0.8"
			}
		},
		"bootstrap": {
			"version": "3.4.1",
			"resolved": "https://registry.npmjs.org/bootstrap/-/bootstrap-3.4.1.tgz",
			"integrity": "sha1-w6NH1Bniia0R9AM+PEEyuHwIHXI="
		},
		"jquery": {
			"version": "3.6.0",
			"resolved": "https://registry.npmjs.org/jquery/-/jquery-3.6.0.tgz",
			"integrity": "sha512-JVzAR/AjBvVt2BmYhxRCSYysDsPcssdmTFnzyLEts9qNwmjmu4JTAMYubEfwVOSwpQ1I1sKKFcxhZCI2buerfw=="
		},
		"popper.js": {
			"version": "1.14.3",
			"resolved": "https://registry.npmjs.org/popper.js/-/popper.js-1.14.3.tgz",
			"integrity": "sha1-FDj5jQRqz3tNeM1QK/QYrGTU8JU="
		}
	}
}
