{
  "name": "static",
  "version": "1.0.0",
  "lockfileVersion": 1,
  "requires": true,
  "dependencies": {
    "@fortawesome/fontawesome-free": {
      "version": "5.12.0",
      "resolved": "https://registry.npmjs.org/@fortawesome/fontawesome-free/-/fontawesome-free-5.12.0.tgz",
      "integrity": "sha512-vKDJUuE2GAdBERaQWmmtsciAMzjwNrROXA5KTGSZvayAsmuTGjam5z6QNqNPCwDfVljLWuov1nEC3mEQf/n6fQ=="
    },
    "@uirouter/core": {
      "version": "6.0.3",
      "resolved": "https://registry.npmjs.org/@uirouter/core/-/core-6.0.3.tgz",
      "integrity": "sha512-ftAQw9czKUSgLFC3LwOeJP97PDQ6naHcEK0NrbWw3X/r49oQJBMRFAsz9oEKqPFPD2vUDqkvG18BZXglLp8k+Q=="
    },
    "angular": {
      "version": "1.8.2",
      "resolved": "https://registry.npmjs.org/angular/-/angular-1.8.2.tgz",
      "integrity": "sha512-IauMOej2xEe7/7Ennahkbb5qd/HFADiNuLSESz9Q27inmi32zB0lnAsFeLEWcox3Gd1F6YhNd1CP7/9IukJ0Gw=="
    },
    "angular-translate": {
      "version": "2.18.2",
      "resolved": "https://registry.npmjs.org/angular-translate/-/angular-translate-2.18.2.tgz",
      "integrity": "sha1-KiZlPRefcEPA/6Zv32UVXQHILgY=",
      "requires": {
        "angular": "^1.7.9"
      }
    },
    "angular-translate-loader-url": {
      "version": "2.18.2",
      "resolved": "https://registry.npmjs.org/angular-translate-loader-url/-/angular-translate-loader-url-2.18.2.tgz",
      "integrity": "sha1-qFAEtTZE0Vy7h2IS/320xm4wHRs=",
      "requires": {
        "angular-translate": "~2.18.2"
      }
    },
    "angular-ui-bootstrap": {
      "version": "2.5.6",
      "resolved": "https://registry.npmjs.org/angular-ui-bootstrap/-/angular-ui-bootstrap-2.5.6.tgz",
      "integrity": "sha1-I5NzIuxkGm++4WSYzDJFKqGZ58U="
    },
    "angular-ui-router": {
      "version": "1.0.24",
      "resolved": "https://registry.npmjs.org/angular-ui-router/-/angular-ui-router-1.0.24.tgz",
      "integrity": "sha512-1bgarSWXSTvM/HFTCDn7HDRvdWo+zG1c0ceabcFR+VDAOgaUt0X11DscfMXA5fPSX+tprM606+wYSHcp86JbFg==",
      "requires": {
        "@uirouter/core": "6.0.3"
      }
    },
    "bootstrap": {
      "version": "3.4.1",
      "resolved": "https://registry.npmjs.org/bootstrap/-/bootstrap-3.4.1.tgz",
      "integrity": "sha1-w6NH1Bniia0R9AM+PEEyuHwIHXI="
    },
    "jquery": {
      "version": "3.6.0",
      "resolved": "https://registry.npmjs.org/jquery/-/jquery-3.6.0.tgz",
      "integrity": "sha512-JVzAR/AjBvVt2BmYhxRCSYysDsPcssdmTFnzyLEts9qNwmjmu4JTAMYubEfwVOSwpQ1I1sKKFcxhZCI2buerfw=="
    },
    "popper.js": {
      "version": "1.14.3",
      "resolved": "https://registry.npmjs.org/popper.js/-/popper.js-1.14.3.tgz",
      "integrity": "sha1-FDj5jQRqz3tNeM1QK/QYrGTU8JU="
    }
  }
}
